
Microsoft Visual Studio Solution File, Format Version 11.00
# Visual Studio 2010
Project("{FAE04EC0-301F-11D3-BF4B-00C04F79EFBC}") = "Zip Reduced", "Zip Reduced.csproj", "{49A128D3-C3F2-46B1-8F7A-EECD209EA860}"
EndProject
Global
	GlobalSection(SolutionConfigurationPlatforms) = preSolution
		Debug|Any CPU = Debug|Any CPU
		Release|Any CPU = Release|Any CPU
	EndGlobalSection
	GlobalSection(ProjectConfigurationPlatforms) = postSolution
		{49A128D3-C3F2-46B1-8F7A-EECD209EA860}.Debug|Any CPU.ActiveCfg = Debug|Any CPU
		{49A128D3-C3F2-46B1-8F7A-EECD209EA860}.Debug|Any CPU.Build.0 = Debug|Any CPU
		{49A128D3-C3F2-46B1-8F7A-EECD209EA860}.Release|Any CPU.ActiveCfg = Release|Any CPU
		{49A128D3-C3F2-46B1-8F7A-EECD209EA860}.Release|Any CPU.Build.0 = Release|Any CPU
	EndGlobalSection
	GlobalSection(SolutionProperties) = preSolution
		HideSolutionNode = FALSE
	EndGlobalSection
EndGlobal
